
Microsoft Visual Studio Solution File, Format Version 12.00
# Visual Studio 15
VisualStudioVersion = 15.0.27703.2047
MinimumVisualStudioVersion = 10.0.40219.1
Project("{FAE04EC0-301F-11D3-BF4B-00C04F79EFBC}") = "HelloXamarin.Android", "HelloXamarin\HelloXamarin.Android\HelloXamarin.Android.csproj", "{330A38B0-CA3D-41DD-855C-AE14091E3F78}"
EndProject
Project("{FAE04EC0-301F-11D3-BF4B-00C04F79EFBC}") = "HelloXamarin.iOS", "HelloXamarin\HelloXamarin.iOS\HelloXamarin.iOS.csproj", "{C41B74AD-4136-470F-A8BF-B6314BA4E427}"
EndProject
Project("{FAE04EC0-301F-11D3-BF4B-00C04F79EFBC}") = "HelloXamarin.UWP", "HelloXamarin\HelloXamarin.UWP\HelloXamarin.UWP.csproj", "{FA67F6F3-519B-4902-8D93-C16BFFB7FDDB}"
EndProject
Project("{D954291E-2A0B-460D-934E-DC6B0785DB48}") = "HelloXamarin", "HelloXamarin\HelloXamarin\HelloXamarin.shproj", "{5D76D60F-4CA4-4FE6-8DE0-BE39DF1E9DD7}"
EndProject
Global
	GlobalSection(SharedMSBuildProjectFiles) = preSolution
		HelloXamarin\HelloXamarin\HelloXamarin.projitems*{330a38b0-ca3d-41dd-855c-ae14091e3f78}*SharedItemsImports = 4
		HelloXamarin\HelloXamarin\HelloXamarin.projitems*{5d76d60f-4ca4-4fe6-8de0-be39df1e9dd7}*SharedItemsImports = 13
		HelloXamarin\HelloXamarin\HelloXamarin.projitems*{c41b74ad-4136-470f-a8bf-b6314ba4e427}*SharedItemsImports = 4
		HelloXamarin\HelloXamarin\HelloXamarin.projitems*{fa67f6f3-519b-4902-8d93-c16bffb7fddb}*SharedItemsImports = 4
	EndGlobalSection
	GlobalSection(SolutionConfigurationPlatforms) = preSolution
		Ad-Hoc|Any CPU = Ad-Hoc|Any CPU
		Ad-Hoc|ARM = Ad-Hoc|ARM
		Ad-Hoc|iPhone = Ad-Hoc|iPhone
		Ad-Hoc|iPhoneSimulator = Ad-Hoc|iPhoneSimulator
		Ad-Hoc|x64 = Ad-Hoc|x64
		Ad-Hoc|x86 = Ad-Hoc|x86
		AppStore|Any CPU = AppStore|Any CPU
		AppStore|ARM = AppStore|ARM
		AppStore|iPhone = AppStore|iPhone
		AppStore|iPhoneSimulator = AppStore|iPhoneSimulator
		AppStore|x64 = AppStore|x64
		AppStore|x86 = AppStore|x86
		Debug|Any CPU = Debug|Any CPU
		Debug|ARM = Debug|ARM
		Debug|iPhone = Debug|iPhone
		Debug|iPhoneSimulator = Debug|iPhoneSimulator
		Debug|x64 = Debug|x64
		Debug|x86 = Debug|x86
		Release|Any CPU = Release|Any CPU
		Release|ARM = Release|ARM
		Release|iPhone = Release|iPhone
		Release|iPhoneSimulator = Release|iPhoneSimulator
		Release|x64 = Release|x64
		Release|x86 = Release|x86
	EndGlobalSection
	GlobalSection(ProjectConfigurationPlatforms) = postSolution
		{330A38B0-CA3D-41DD-855C-AE14091E3F78}.Ad-Hoc|Any CPU.ActiveCfg = Release|Any CPU
		{330A38B0-CA3D-41DD-855C-AE14091E3F78}.Ad-Hoc|Any CPU.Build.0 = Release|Any CPU
		{330A38B0-CA3D-41DD-855C-AE14091E3F78}.Ad-Hoc|Any CPU.Deploy.0 = Release|Any CPU
		{330A38B0-CA3D-41DD-855C-AE14091E3F78}.Ad-Hoc|ARM.ActiveCfg = Release|Any CPU
		{330A38B0-CA3D-41DD-855C-AE14091E3F78}.Ad-Hoc|ARM.Build.0 = Release|Any CPU
		{330A38B0-CA3D-41DD-855C-AE14091E3F78}.Ad-Hoc|ARM.Deploy.0 = Release|Any CPU
		{330A38B0-CA3D-41DD-855C-AE14091E3F78}.Ad-Hoc|iPhone.ActiveCfg = Release|Any CPU
		{330A38B0-CA3D-41DD-855C-AE14091E3F78}.Ad-Hoc|iPhone.Build.0 = Release|Any CPU
		{330A38B0-CA3D-41DD-855C-AE14091E3F78}.Ad-Hoc|iPhone.Deploy.0 = Release|Any CPU
		{330A38B0-CA3D-41DD-855C-AE14091E3F78}.Ad-Hoc|iPhoneSimulator.ActiveCfg = Release|Any CPU
		{330A38B0-CA3D-41DD-855C-AE14091E3F78}.Ad-Hoc|iPhoneSimulator.Build.0 = Release|Any CPU
		{330A38B0-CA3D-41DD-855C-AE14091E3F78}.Ad-Hoc|iPhoneSimulator.Deploy.0 = Release|Any CPU
		{330A38B0-CA3D-41DD-855C-AE14091E3F78}.Ad-Hoc|x64.ActiveCfg = Release|Any CPU
		{330A38B0-CA3D-41DD-855C-AE14091E3F78}.Ad-Hoc|x64.Build.0 = Release|Any CPU
		{330A38B0-CA3D-41DD-855C-AE14091E3F78}.Ad-Hoc|x64.Deploy.0 = Release|Any CPU
		{330A38B0-CA3D-41DD-855C-AE14091E3F78}.Ad-Hoc|x86.ActiveCfg = Release|Any CPU
		{330A38B0-CA3D-41DD-855C-AE14091E3F78}.Ad-Hoc|x86.Build.0 = Release|Any CPU
		{330A38B0-CA3D-41DD-855C-AE14091E3F78}.Ad-Hoc|x86.Deploy.0 = Release|Any CPU
		{330A38B0-CA3D-41DD-855C-AE14091E3F78}.AppStore|Any CPU.ActiveCfg = Release|Any CPU
		{330A38B0-CA3D-41DD-855C-AE14091E3F78}.AppStore|Any CPU.Build.0 = Release|Any CPU
		{330A38B0-CA3D-41DD-855C-AE14091E3F78}.AppStore|Any CPU.Deploy.0 = Release|Any CPU
		{330A38B0-CA3D-41DD-855C-AE14091E3F78}.AppStore|ARM.ActiveCfg = Release|Any CPU
		{330A38B0-CA3D-41DD-855C-AE14091E3F78}.AppStore|ARM.Build.0 = Release|Any CPU
		{330A38B0-CA3D-41DD-855C-AE14091E3F78}.AppStore|ARM.Deploy.0 = Release|Any CPU
		{330A38B0-CA3D-41DD-855C-AE14091E3F78}.AppStore|iPhone.ActiveCfg = Release|Any CPU
		{330A38B0-CA3D-41DD-855C-AE14091E3F78}.AppStore|iPhone.Build.0 = Release|Any CPU
		{330A38B0-CA3D-41DD-855C-AE14091E3F78}.AppStore|iPhone.Deploy.0 = Release|Any CPU
		{330A38B0-CA3D-41DD-855C-AE14091E3F78}.AppStore|iPhoneSimulator.ActiveCfg = Release|Any CPU
		{330A38B0-CA3D-41DD-855C-AE14091E3F78}.AppStore|iPhoneSimulator.Build.0 = Release|Any CPU
		{330A38B0-CA3D-41DD-855C-AE14091E3F78}.AppStore|iPhoneSimulator.Deploy.0 = Release|Any CPU
		{330A38B0-CA3D-41DD-855C-AE14091E3F78}.AppStore|x64.ActiveCfg = Release|Any CPU
		{330A38B0-CA3D-41DD-855C-AE14091E3F78}.AppStore|x64.Build.0 = Release|Any CPU
		{330A38B0-CA3D-41DD-855C-AE14091E3F78}.AppStore|x64.Deploy.0 = Release|Any CPU
		{330A38B0-CA3D-41DD-855C-AE14091E3F78}.AppStore|x86.ActiveCfg = Release|Any CPU
		{330A38B0-CA3D-41DD-855C-AE14091E3F78}.AppStore|x86.Build.0 = Release|Any CPU
		{330A38B0-CA3D-41DD-855C-AE14091E3F78}.AppStore|x86.Deploy.0 = Release|Any CPU
		{330A38B0-CA3D-41DD-855C-AE14091E3F78}.Debug|Any CPU.ActiveCfg = Debug|Any CPU
		{330A38B0-CA3D-41DD-855C-AE14091E3F78}.Debug|Any CPU.Build.0 = Debug|Any CPU
		{330A38B0-CA3D-41DD-855C-AE14091E3F78}.Debug|Any CPU.Deploy.0 = Debug|Any CPU
		{330A38B0-CA3D-41DD-855C-AE14091E3F78}.Debug|ARM.ActiveCfg = Debug|Any CPU
		{330A38B0-CA3D-41DD-855C-AE14091E3F78}.Debug|ARM.Build.0 = Debug|Any CPU
		{330A38B0-CA3D-41DD-855C-AE14091E3F78}.Debug|ARM.Deploy.0 = Debug|Any CPU
		{330A38B0-CA3D-41DD-855C-AE14091E3F78}.Debug|iPhone.ActiveCfg = Debug|Any CPU
		{330A38B0-CA3D-41DD-855C-AE14091E3F78}.Debug|iPhone.Build.0 = Debug|Any CPU
		{330A38B0-CA3D-41DD-855C-AE14091E3F78}.Debug|iPhone.Deploy.0 = Debug|Any CPU
		{330A38B0-CA3D-41DD-855C-AE14091E3F78}.Debug|iPhoneSimulator.ActiveCfg = Debug|Any CPU
		{330A38B0-CA3D-41DD-855C-AE14091E3F78}.Debug|iPhoneSimulator.Build.0 = Debug|Any CPU
		{330A38B0-CA3D-41DD-855C-AE14091E3F78}.Debug|iPhoneSimulator.Deploy.0 = Debug|Any CPU
		{330A38B0-CA3D-41DD-855C-AE14091E3F78}.Debug|x64.ActiveCfg = Debug|Any CPU
		{330A38B0-CA3D-41DD-855C-AE14091E3F78}.Debug|x64.Build.0 = Debug|Any CPU
		{330A38B0-CA3D-41DD-855C-AE14091E3F78}.Debug|x64.Deploy.0 = Debug|Any CPU
		{330A38B0-CA3D-41DD-855C-AE14091E3F78}.Debug|x86.ActiveCfg = Debug|Any CPU
		{330A38B0-CA3D-41DD-855C-AE14091E3F78}.Debug|x86.Build.0 = Debug|Any CPU
		{330A38B0-CA3D-41DD-855C-AE14091E3F78}.Debug|x86.Deploy.0 = Debug|Any CPU
		{330A38B0-CA3D-41DD-855C-AE14091E3F78}.Release|Any CPU.ActiveCfg = Release|Any CPU
		{330A38B0-CA3D-41DD-855C-AE14091E3F78}.Release|Any CPU.Build.0 = Release|Any CPU
		{330A38B0-CA3D-41DD-855C-AE14091E3F78}.Release|Any CPU.Deploy.0 = Release|Any CPU
		{330A38B0-CA3D-41DD-855C-AE14091E3F78}.Release|ARM.ActiveCfg = Release|Any CPU
		{330A38B0-CA3D-41DD-855C-AE14091E3F78}.Release|ARM.Build.0 = Release|Any CPU
		{330A38B0-CA3D-41DD-855C-AE14091E3F78}.Release|ARM.Deploy.0 = Release|Any CPU
		{330A38B0-CA3D-41DD-855C-AE14091E3F78}.Release|iPhone.ActiveCfg = Release|Any CPU
		{330A38B0-CA3D-41DD-855C-AE14091E3F78}.Release|iPhone.Build.0 = Release|Any CPU
		{330A38B0-CA3D-41DD-855C-AE14091E3F78}.Release|iPhone.Deploy.0 = Release|Any CPU
		{330A38B0-CA3D-41DD-855C-AE14091E3F78}.Release|iPhoneSimulator.ActiveCfg = Release|Any CPU
		{330A38B0-CA3D-41DD-855C-AE14091E3F78}.Release|iPhoneSimulator.Build.0 = Release|Any CPU
		{330A38B0-CA3D-41DD-855C-AE14091E3F78}.Release|iPhoneSimulator.Deploy.0 = Release|Any CPU
		{330A38B0-CA3D-41DD-855C-AE14091E3F78}.Release|x64.ActiveCfg = Release|Any CPU
		{330A38B0-CA3D-41DD-855C-AE14091E3F78}.Release|x64.Build.0 = Release|Any CPU
		{330A38B0-CA3D-41DD-855C-AE14091E3F78}.Release|x64.Deploy.0 = Release|Any CPU
		{330A38B0-CA3D-41DD-855C-AE14091E3F78}.Release|x86.ActiveCfg = Release|Any CPU
		{330A38B0-CA3D-41DD-855C-AE14091E3F78}.Release|x86.Build.0 = Release|Any CPU
		{330A38B0-CA3D-41DD-855C-AE14091E3F78}.Release|x86.Deploy.0 = Release|Any CPU
		{C41B74AD-4136-470F-A8BF-B6314BA4E427}.Ad-Hoc|Any CPU.ActiveCfg = Ad-Hoc|iPhone
		{C41B74AD-4136-470F-A8BF-B6314BA4E427}.Ad-Hoc|Any CPU.Build.0 = Ad-Hoc|iPhone
		{C41B74AD-4136-470F-A8BF-B6314BA4E427}.Ad-Hoc|Any CPU.Deploy.0 = Ad-Hoc|iPhone
		{C41B74AD-4136-470F-A8BF-B6314BA4E427}.Ad-Hoc|ARM.ActiveCfg = Ad-Hoc|iPhone
		{C41B74AD-4136-470F-A8BF-B6314BA4E427}.Ad-Hoc|ARM.Build.0 = Ad-Hoc|iPhone
		{C41B74AD-4136-470F-A8BF-B6314BA4E427}.Ad-Hoc|ARM.Deploy.0 = Ad-Hoc|iPhone
		{C41B74AD-4136-470F-A8BF-B6314BA4E427}.Ad-Hoc|iPhone.ActiveCfg = Ad-Hoc|iPhone
		{C41B74AD-4136-470F-A8BF-B6314BA4E427}.Ad-Hoc|iPhone.Build.0 = Ad-Hoc|iPhone
		{C41B74AD-4136-470F-A8BF-B6314BA4E427}.Ad-Hoc|iPhone.Deploy.0 = Ad-Hoc|iPhone
		{C41B74AD-4136-470F-A8BF-B6314BA4E427}.Ad-Hoc|iPhoneSimulator.ActiveCfg = Ad-Hoc|iPhoneSimulator
		{C41B74AD-4136-470F-A8BF-B6314BA4E427}.Ad-Hoc|iPhoneSimulator.Build.0 = Ad-Hoc|iPhoneSimulator
		{C41B74AD-4136-470F-A8BF-B6314BA4E427}.Ad-Hoc|iPhoneSimulator.Deploy.0 = Ad-Hoc|iPhoneSimulator
		{C41B74AD-4136-470F-A8BF-B6314BA4E427}.Ad-Hoc|x64.ActiveCfg = Ad-Hoc|iPhone
		{C41B74AD-4136-470F-A8BF-B6314BA4E427}.Ad-Hoc|x64.Build.0 = Ad-Hoc|iPhone
		{C41B74AD-4136-470F-A8BF-B6314BA4E427}.Ad-Hoc|x64.Deploy.0 = Ad-Hoc|iPhone
		{C41B74AD-4136-470F-A8BF-B6314BA4E427}.Ad-Hoc|x86.ActiveCfg = Ad-Hoc|iPhone
		{C41B74AD-4136-470F-A8BF-B6314BA4E427}.Ad-Hoc|x86.Build.0 = Ad-Hoc|iPhone
		{C41B74AD-4136-470F-A8BF-B6314BA4E427}.Ad-Hoc|x86.Deploy.0 = Ad-Hoc|iPhone
		{C41B74AD-4136-470F-A8BF-B6314BA4E427}.AppStore|Any CPU.ActiveCfg = AppStore|iPhone
		{C41B74AD-4136-470F-A8BF-B6314BA4E427}.AppStore|Any CPU.Build.0 = AppStore|iPhone
		{C41B74AD-4136-470F-A8BF-B6314BA4E427}.AppStore|Any CPU.Deploy.0 = AppStore|iPhone
		{C41B74AD-4136-470F-A8BF-B6314BA4E427}.AppStore|ARM.ActiveCfg = AppStore|iPhone
		{C41B74AD-4136-470F-A8BF-B6314BA4E427}.AppStore|ARM.Build.0 = AppStore|iPhone
		{C41B74AD-4136-470F-A8BF-B6314BA4E427}.AppStore|ARM.Deploy.0 = AppStore|iPhone
		{C41B74AD-4136-470F-A8BF-B6314BA4E427}.AppStore|iPhone.ActiveCfg = AppStore|iPhone
		{C41B74AD-4136-470F-A8BF-B6314BA4E427}.AppStore|iPhone.Build.0 = AppStore|iPhone
		{C41B74AD-4136-470F-A8BF-B6314BA4E427}.AppStore|iPhone.Deploy.0 = AppStore|iPhone
		{C41B74AD-4136-470F-A8BF-B6314BA4E427}.AppStore|iPhoneSimulator.ActiveCfg = AppStore|iPhoneSimulator
		{C41B74AD-4136-470F-A8BF-B6314BA4E427}.AppStore|iPhoneSimulator.Build.0 = AppStore|iPhoneSimulator
		{C41B74AD-4136-470F-A8BF-B6314BA4E427}.AppStore|iPhoneSimulator.Deploy.0 = AppStore|iPhoneSimulator
		{C41B74AD-4136-470F-A8BF-B6314BA4E427}.AppStore|x64.ActiveCfg = AppStore|iPhone
		{C41B74AD-4136-470F-A8BF-B6314BA4E427}.AppStore|x64.Build.0 = AppStore|iPhone
		{C41B74AD-4136-470F-A8BF-B6314BA4E427}.AppStore|x64.Deploy.0 = AppStore|iPhone
		{C41B74AD-4136-470F-A8BF-B6314BA4E427}.AppStore|x86.ActiveCfg = AppStore|iPhone
		{C41B74AD-4136-470F-A8BF-B6314BA4E427}.AppStore|x86.Build.0 = AppStore|iPhone
		{C41B74AD-4136-470F-A8BF-B6314BA4E427}.AppStore|x86.Deploy.0 = AppStore|iPhone
		{C41B74AD-4136-470F-A8BF-B6314BA4E427}.Debug|Any CPU.ActiveCfg = Debug|iPhoneSimulator
		{C41B74AD-4136-470F-A8BF-B6314BA4E427}.Debug|Any CPU.Build.0 = Debug|iPhoneSimulator
		{C41B74AD-4136-470F-A8BF-B6314BA4E427}.Debug|Any CPU.Deploy.0 = Debug|iPhoneSimulator
		{C41B74AD-4136-470F-A8BF-B6314BA4E427}.Debug|ARM.ActiveCfg = Debug|iPhone
		{C41B74AD-4136-470F-A8BF-B6314BA4E427}.Debug|ARM.Build.0 = Debug|iPhone
		{C41B74AD-4136-470F-A8BF-B6314BA4E427}.Debug|ARM.Deploy.0 = Debug|iPhone
		{C41B74AD-4136-470F-A8BF-B6314BA4E427}.Debug|iPhone.ActiveCfg = Debug|iPhone
		{C41B74AD-4136-470F-A8BF-B6314BA4E427}.Debug|iPhone.Build.0 = Debug|iPhone
		{C41B74AD-4136-470F-A8BF-B6314BA4E427}.Debug|iPhone.Deploy.0 = Debug|iPhone
		{C41B74AD-4136-470F-A8BF-B6314BA4E427}.Debug|iPhoneSimulator.ActiveCfg = Debug|iPhoneSimulator
		{C41B74AD-4136-470F-A8BF-B6314BA4E427}.Debug|iPhoneSimulator.Build.0 = Debug|iPhoneSimulator
		{C41B74AD-4136-470F-A8BF-B6314BA4E427}.Debug|iPhoneSimulator.Deploy.0 = Debug|iPhoneSimulator
		{C41B74AD-4136-470F-A8BF-B6314BA4E427}.Debug|x64.ActiveCfg = Debug|iPhone
		{C41B74AD-4136-470F-A8BF-B6314BA4E427}.Debug|x64.Build.0 = Debug|iPhone
		{C41B74AD-4136-470F-A8BF-B6314BA4E427}.Debug|x64.Deploy.0 = Debug|iPhone
		{C41B74AD-4136-470F-A8BF-B6314BA4E427}.Debug|x86.ActiveCfg = Debug|iPhone
		{C41B74AD-4136-470F-A8BF-B6314BA4E427}.Debug|x86.Build.0 = Debug|iPhone
		{C41B74AD-4136-470F-A8BF-B6314BA4E427}.Debug|x86.Deploy.0 = Debug|iPhone
		{C41B74AD-4136-470F-A8BF-B6314BA4E427}.Release|Any CPU.ActiveCfg = Release|iPhone
		{C41B74AD-4136-470F-A8BF-B6314BA4E427}.Release|Any CPU.Build.0 = Release|iPhone
		{C41B74AD-4136-470F-A8BF-B6314BA4E427}.Release|Any CPU.Deploy.0 = Release|iPhone
		{C41B74AD-4136-470F-A8BF-B6314BA4E427}.Release|ARM.ActiveCfg = Release|iPhone
		{C41B74AD-4136-470F-A8BF-B6314BA4E427}.Release|ARM.Build.0 = Release|iPhone
		{C41B74AD-4136-470F-A8BF-B6314BA4E427}.Release|ARM.Deploy.0 = Release|iPhone
		{C41B74AD-4136-470F-A8BF-B6314BA4E427}.Release|iPhone.ActiveCfg = Release|iPhone
		{C41B74AD-4136-470F-A8BF-B6314BA4E427}.Release|iPhone.Build.0 = Release|iPhone
		{C41B74AD-4136-470F-A8BF-B6314BA4E427}.Release|iPhone.Deploy.0 = Release|iPhone
		{C41B74AD-4136-470F-A8BF-B6314BA4E427}.Release|iPhoneSimulator.ActiveCfg = Release|iPhoneSimulator
		{C41B74AD-4136-470F-A8BF-B6314BA4E427}.Release|iPhoneSimulator.Build.0 = Release|iPhoneSimulator
		{C41B74AD-4136-470F-A8BF-B6314BA4E427}.Release|iPhoneSimulator.Deploy.0 = Release|iPhoneSimulator
		{C41B74AD-4136-470F-A8BF-B6314BA4E427}.Release|x64.ActiveCfg = Release|iPhone
		{C41B74AD-4136-470F-A8BF-B6314BA4E427}.Release|x64.Build.0 = Release|iPhone
		{C41B74AD-4136-470F-A8BF-B6314BA4E427}.Release|x64.Deploy.0 = Release|iPhone
		{C41B74AD-4136-470F-A8BF-B6314BA4E427}.Release|x86.ActiveCfg = Release|iPhone
		{C41B74AD-4136-470F-A8BF-B6314BA4E427}.Release|x86.Build.0 = Release|iPhone
		{C41B74AD-4136-470F-A8BF-B6314BA4E427}.Release|x86.Deploy.0 = Release|iPhone
		{FA67F6F3-519B-4902-8D93-C16BFFB7FDDB}.Ad-Hoc|Any CPU.ActiveCfg = Release|x86
		{FA67F6F3-519B-4902-8D93-C16BFFB7FDDB}.Ad-Hoc|Any CPU.Build.0 = Release|x86
		{FA67F6F3-519B-4902-8D93-C16BFFB7FDDB}.Ad-Hoc|Any CPU.Deploy.0 = Release|x86
		{FA67F6F3-519B-4902-8D93-C16BFFB7FDDB}.Ad-Hoc|ARM.ActiveCfg = Release|ARM
		{FA67F6F3-519B-4902-8D93-C16BFFB7FDDB}.Ad-Hoc|ARM.Build.0 = Release|ARM
		{FA67F6F3-519B-4902-8D93-C16BFFB7FDDB}.Ad-Hoc|ARM.Deploy.0 = Release|ARM
		{FA67F6F3-519B-4902-8D93-C16BFFB7FDDB}.Ad-Hoc|iPhone.ActiveCfg = Release|x86
		{FA67F6F3-519B-4902-8D93-C16BFFB7FDDB}.Ad-Hoc|iPhone.Build.0 = Release|x86
		{FA67F6F3-519B-4902-8D93-C16BFFB7FDDB}.Ad-Hoc|iPhone.Deploy.0 = Release|x86
		{FA67F6F3-519B-4902-8D93-C16BFFB7FDDB}.Ad-Hoc|iPhoneSimulator.ActiveCfg = Release|x86
		{FA67F6F3-519B-4902-8D93-C16BFFB7FDDB}.Ad-Hoc|iPhoneSimulator.Build.0 = Release|x86
		{FA67F6F3-519B-4902-8D93-C16BFFB7FDDB}.Ad-Hoc|iPhoneSimulator.Deploy.0 = Release|x86
		{FA67F6F3-519B-4902-8D93-C16BFFB7FDDB}.Ad-Hoc|x64.ActiveCfg = Release|x64
		{FA67F6F3-519B-4902-8D93-C16BFFB7FDDB}.Ad-Hoc|x64.Build.0 = Release|x64
		{FA67F6F3-519B-4902-8D93-C16BFFB7FDDB}.Ad-Hoc|x64.Deploy.0 = Release|x64
		{FA67F6F3-519B-4902-8D93-C16BFFB7FDDB}.Ad-Hoc|x86.ActiveCfg = Release|x86
		{FA67F6F3-519B-4902-8D93-C16BFFB7FDDB}.Ad-Hoc|x86.Build.0 = Release|x86
		{FA67F6F3-519B-4902-8D93-C16BFFB7FDDB}.Ad-Hoc|x86.Deploy.0 = Release|x86
		{FA67F6F3-519B-4902-8D93-C16BFFB7FDDB}.AppStore|Any CPU.ActiveCfg = Release|x86
		{FA67F6F3-519B-4902-8D93-C16BFFB7FDDB}.AppStore|Any CPU.Build.0 = Release|x86
		{FA67F6F3-519B-4902-8D93-C16BFFB7FDDB}.AppStore|Any CPU.Deploy.0 = Release|x86
		{FA67F6F3-519B-4902-8D93-C16BFFB7FDDB}.AppStore|ARM.ActiveCfg = Release|ARM
		{FA67F6F3-519B-4902-8D93-C16BFFB7FDDB}.AppStore|ARM.Build.0 = Release|ARM
		{FA67F6F3-519B-4902-8D93-C16BFFB7FDDB}.AppStore|ARM.Deploy.0 = Release|ARM
		{FA67F6F3-519B-4902-8D93-C16BFFB7FDDB}.AppStore|iPhone.ActiveCfg = Release|x86
		{FA67F6F3-519B-4902-8D93-C16BFFB7FDDB}.AppStore|iPhone.Build.0 = Release|x86
		{FA67F6F3-519B-4902-8D93-C16BFFB7FDDB}.AppStore|iPhone.Deploy.0 = Release|x86
		{FA67F6F3-519B-4902-8D93-C16BFFB7FDDB}.AppStore|iPhoneSimulator.ActiveCfg = Release|x86
		{FA67F6F3-519B-4902-8D93-C16BFFB7FDDB}.AppStore|iPhoneSimulator.Build.0 = Release|x86
		{FA67F6F3-519B-4902-8D93-C16BFFB7FDDB}.AppStore|iPhoneSimulator.Deploy.0 = Release|x86
		{FA67F6F3-519B-4902-8D93-C16BFFB7FDDB}.AppStore|x64.ActiveCfg = Release|x64
		{FA67F6F3-519B-4902-8D93-C16BFFB7FDDB}.AppStore|x64.Build.0 = Release|x64
		{FA67F6F3-519B-4902-8D93-C16BFFB7FDDB}.AppStore|x64.Deploy.0 = Release|x64
		{FA67F6F3-519B-4902-8D93-C16BFFB7FDDB}.AppStore|x86.ActiveCfg = Release|x86
		{FA67F6F3-519B-4902-8D93-C16BFFB7FDDB}.AppStore|x86.Build.0 = Release|x86
		{FA67F6F3-519B-4902-8D93-C16BFFB7FDDB}.AppStore|x86.Deploy.0 = Release|x86
		{FA67F6F3-519B-4902-8D93-C16BFFB7FDDB}.Debug|Any CPU.ActiveCfg = Debug|x86
		{FA67F6F3-519B-4902-8D93-C16BFFB7FDDB}.Debug|Any CPU.Build.0 = Debug|x86
		{FA67F6F3-519B-4902-8D93-C16BFFB7FDDB}.Debug|Any CPU.Deploy.0 = Debug|x86
		{FA67F6F3-519B-4902-8D93-C16BFFB7FDDB}.Debug|ARM.ActiveCfg = Debug|ARM
		{FA67F6F3-519B-4902-8D93-C16BFFB7FDDB}.Debug|ARM.Build.0 = Debug|ARM
		{FA67F6F3-519B-4902-8D93-C16BFFB7FDDB}.Debug|ARM.Deploy.0 = Debug|ARM
		{FA67F6F3-519B-4902-8D93-C16BFFB7FDDB}.Debug|iPhone.ActiveCfg = Debug|x86
		{FA67F6F3-519B-4902-8D93-C16BFFB7FDDB}.Debug|iPhone.Build.0 = Debug|x86
		{FA67F6F3-519B-4902-8D93-C16BFFB7FDDB}.Debug|iPhone.Deploy.0 = Debug|x86
		{FA67F6F3-519B-4902-8D93-C16BFFB7FDDB}.Debug|iPhoneSimulator.ActiveCfg = Debug|x86
		{FA67F6F3-519B-4902-8D93-C16BFFB7FDDB}.Debug|iPhoneSimulator.Build.0 = Debug|x86
		{FA67F6F3-519B-4902-8D93-C16BFFB7FDDB}.Debug|iPhoneSimulator.Deploy.0 = Debug|x86
		{FA67F6F3-519B-4902-8D93-C16BFFB7FDDB}.Debug|x64.ActiveCfg = Debug|x64
		{FA67F6F3-519B-4902-8D93-C16BFFB7FDDB}.Debug|x64.Build.0 = Debug|x64
		{FA67F6F3-519B-4902-8D93-C16BFFB7FDDB}.Debug|x64.Deploy.0 = Debug|x64
		{FA67F6F3-519B-4902-8D93-C16BFFB7FDDB}.Debug|x86.ActiveCfg = Debug|x86
		{FA67F6F3-519B-4902-8D93-C16BFFB7FDDB}.Debug|x86.Build.0 = Debug|x86
		{FA67F6F3-519B-4902-8D93-C16BFFB7FDDB}.Debug|x86.Deploy.0 = Debug|x86
		{FA67F6F3-519B-4902-8D93-C16BFFB7FDDB}.Release|Any CPU.ActiveCfg = Release|x86
		{FA67F6F3-519B-4902-8D93-C16BFFB7FDDB}.Release|Any CPU.Build.0 = Release|x86
		{FA67F6F3-519B-4902-8D93-C16BFFB7FDDB}.Release|Any CPU.Deploy.0 = Release|x86
		{FA67F6F3-519B-4902-8D93-C16BFFB7FDDB}.Release|ARM.ActiveCfg = Release|ARM
		{FA67F6F3-519B-4902-8D93-C16BFFB7FDDB}.Release|ARM.Build.0 = Release|ARM
		{FA67F6F3-519B-4902-8D93-C16BFFB7FDDB}.Release|ARM.Deploy.0 = Release|ARM
		{FA67F6F3-519B-4902-8D93-C16BFFB7FDDB}.Release|iPhone.ActiveCfg = Release|x86
		{FA67F6F3-519B-4902-8D93-C16BFFB7FDDB}.Release|iPhone.Build.0 = Release|x86
		{FA67F6F3-519B-4902-8D93-C16BFFB7FDDB}.Release|iPhone.Deploy.0 = Release|x86
		{FA67F6F3-519B-4902-8D93-C16BFFB7FDDB}.Release|iPhoneSimulator.ActiveCfg = Release|x86
		{FA67F6F3-519B-4902-8D93-C16BFFB7FDDB}.Release|iPhoneSimulator.Build.0 = Release|x86
		{FA67F6F3-519B-4902-8D93-C16BFFB7FDDB}.Release|iPhoneSimulator.Deploy.0 = Release|x86
		{FA67F6F3-519B-4902-8D93-C16BFFB7FDDB}.Release|x64.ActiveCfg = Release|x64
		{FA67F6F3-519B-4902-8D93-C16BFFB7FDDB}.Release|x64.Build.0 = Release|x64
		{FA67F6F3-519B-4902-8D93-C16BFFB7FDDB}.Release|x64.Deploy.0 = Release|x64
		{FA67F6F3-519B-4902-8D93-C16BFFB7FDDB}.Release|x86.ActiveCfg = Release|x86
		{FA67F6F3-519B-4902-8D93-C16BFFB7FDDB}.Release|x86.Build.0 = Release|x86
		{FA67F6F3-519B-4902-8D93-C16BFFB7FDDB}.Release|x86.Deploy.0 = Release|x86
	EndGlobalSection
	GlobalSection(SolutionProperties) = preSolution
		HideSolutionNode = FALSE
	EndGlobalSection
	GlobalSection(ExtensibilityGlobals) = postSolution
		SolutionGuid = {B103079E-024B-4F91-B039-2C6559D7AFA8}
	EndGlobalSection
EndGlobal
